
Microsoft Visual Studio Solution File, Format Version 12.00
# Visual Studio 15
VisualStudioVersion = 15.0.28307.1062
MinimumVisualStudioVersion = 10.0.40219.1
Project("{888888A0-9F3D-457C-B088-3A5042F75D52}") = "OzanNmap", "OzanNmap\OzanNmap.pyproj", "{F3670D64-F887-40CA-8F0B-C2425925EF60}"
EndProject
Global
	GlobalSection(SolutionConfigurationPlatforms) = preSolution
		Debug|Any CPU = Debug|Any CPU
		Release|Any CPU = Release|Any CPU
	EndGlobalSection
	GlobalSection(ProjectConfigurationPlatforms) = postSolution
		{F3670D64-F887-40CA-8F0B-C2425925EF60}.Debug|Any CPU.ActiveCfg = Debug|Any CPU
		{F3670D64-F887-40CA-8F0B-C2425925EF60}.Release|Any CPU.ActiveCfg = Release|Any CPU
	EndGlobalSection
	GlobalSection(SolutionProperties) = preSolution
		HideSolutionNode = FALSE
	EndGlobalSection
	GlobalSection(ExtensibilityGlobals) = postSolution
		SolutionGuid = {13BCFE1A-4BCF-4E86-A354-A099AAF801E5}
	EndGlobalSection
EndGlobal
